// !$*UTF8*$!
{
	archiveVersion = 1;
	classes = {
	};
	objectVersion = 56;
	objects = {

/* Begin PBXBuildFile section */
		5519C8F628F8AE310078E5A9 /* Color-Theme.swift in Sources */ = {isa = PBXBuildFile; fileRef = 5519C8F528F8AE310078E5A9 /* Color-Theme.swift */; };
		5543083228F89F1B005A74AE /* MoonshotAppApp.swift in Sources */ = {isa = PBXBuildFile; fileRef = 5543083128F89F1B005A74AE /* MoonshotAppApp.swift */; };
		5543083428F89F1B005A74AE /* ContentView.swift in Sources */ = {isa = PBXBuildFile; fileRef = 5543083328F89F1B005A74AE /* ContentView.swift */; };
		5543083628F89F1D005A74AE /* Assets.xcassets in Resources */ = {isa = PBXBuildFile; fileRef = 5543083528F89F1D005A74AE /* Assets.xcassets */; };
		5543083928F89F1D005A74AE /* Preview Assets.xcassets in Resources */ = {isa = PBXBuildFile; fileRef = 5543083828F89F1D005A74AE /* Preview Assets.xcassets */; };
		55AD18EF28F89F9100C48A43 /* missions.json in Resources */ = {isa = PBXBuildFile; fileRef = 55AD18ED28F89F9100C48A43 /* missions.json */; };
		55AD18F028F89F9100C48A43 /* astronauts.json in Resources */ = {isa = PBXBuildFile; fileRef = 55AD18EE28F89F9100C48A43 /* astronauts.json */; };
		55AD18F228F8A00C00C48A43 /* Astroanut.swift in Sources */ = {isa = PBXBuildFile; fileRef = 55AD18F128F8A00C00C48A43 /* Astroanut.swift */; };
		55AD18F428F8A10600C48A43 /* Bundle-Decodable.swift in Sources */ = {isa = PBXBuildFile; fileRef = 55AD18F328F8A10600C48A43 /* Bundle-Decodable.swift */; };
		55AD18F628F8A48500C48A43 /* Mission.swift in Sources */ = {isa = PBXBuildFile; fileRef = 55AD18F528F8A48500C48A43 /* Mission.swift */; };
/* End PBXBuildFile section */

/* Begin PBXFileReference section */
		5519C8F528F8AE310078E5A9 /* Color-Theme.swift */ = {isa = PBXFileReference; lastKnownFileType = sourcecode.swift; path = "Color-Theme.swift"; sourceTree = "<group>"; };
		5543082E28F89F1B005A74AE /* MoonshotApp.app */ = {isa = PBXFileReference; explicitFileType = wrapper.application; includeInIndex = 0; path = MoonshotApp.app; sourceTree = BUILT_PRODUCTS_DIR; };
		5543083128F89F1B005A74AE /* MoonshotAppApp.swift */ = {isa = PBXFileReference; lastKnownFileType = sourcecode.swift; path = MoonshotAppApp.swift; sourceTree = "<group>"; };
		5543083328F89F1B005A74AE /* ContentView.swift */ = {isa = PBXFileReference; lastKnownFileType = sourcecode.swift; path = ContentView.swift; sourceTree = "<group>"; };
		5543083528F89F1D005A74AE /* Assets.xcassets */ = {isa = PBXFileReference; lastKnownFileType = folder.assetcatalog; path = Assets.xcassets; sourceTree = "<group>"; };
		5543083828F89F1D005A74AE /* Preview Assets.xcassets */ = {isa = PBXFileReference; lastKnownFileType = folder.assetcatalog; path = "Preview Assets.xcassets"; sourceTree = "<group>"; };
		55AD18ED28F89F9100C48A43 /* missions.json */ = {isa = PBXFileReference; fileEncoding = 4; lastKnownFileType = text.json; path = missions.json; sourceTree = "<group>"; };
		55AD18EE28F89F9100C48A43 /* astronauts.json */ = {isa = PBXFileReference; fileEncoding = 4; lastKnownFileType = text.json; path = astronauts.json; sourceTree = "<group>"; };
		55AD18F128F8A00C00C48A43 /* Astroanut.swift */ = {isa = PBXFileReference; lastKnownFileType = sourcecode.swift; path = Astroanut.swift; sourceTree = "<group>"; };
		55AD18F328F8A10600C48A43 /* Bundle-Decodable.swift */ = {isa = PBXFileReference; lastKnownFileType = sourcecode.swift; path = "Bundle-Decodable.swift"; sourceTree = "<group>"; };
		55AD18F528F8A48500C48A43 /* Mission.swift */ = {isa = PBXFileReference; lastKnownFileType = sourcecode.swift; path = Mission.swift; sourceTree = "<group>"; };
/* End PBXFileReference section */

/* Begin PBXFrameworksBuildPhase section */
		5543082B28F89F1B005A74AE /* Frameworks */ = {
			isa = PBXFrameworksBuildPhase;
			buildActionMask = 2147483647;
			files = (
			);
			runOnlyForDeploymentPostprocessing = 0;
		};
/* End PBXFrameworksBuildPhase section */

/* Begin PBXGroup section */
		5543082528F89F1B005A74AE = {
			isa = PBXGroup;
			children = (
				5543083028F89F1B005A74AE /* MoonshotApp */,
				5543082F28F89F1B005A74AE /* Products */,
			);
			sourceTree = "<group>";
		};
		5543082F28F89F1B005A74AE /* Products */ = {
			isa = PBXGroup;
			children = (
				5543082E28F89F1B005A74AE /* MoonshotApp.app */,
			);
			name = Products;
			sourceTree = "<group>";
		};
		5543083028F89F1B005A74AE /* MoonshotApp */ = {
			isa = PBXGroup;
			children = (
				5543083128F89F1B005A74AE /* MoonshotAppApp.swift */,
				5543083328F89F1B005A74AE /* ContentView.swift */,
				55AD18F528F8A48500C48A43 /* Mission.swift */,
				55AD18F128F8A00C00C48A43 /* Astroanut.swift */,
				5519C8F528F8AE310078E5A9 /* Color-Theme.swift */,
				55AD18F328F8A10600C48A43 /* Bundle-Decodable.swift */,
				55AD18EE28F89F9100C48A43 /* astronauts.json */,
				55AD18ED28F89F9100C48A43 /* missions.json */,
				5543083528F89F1D005A74AE /* Assets.xcassets */,
				5543083728F89F1D005A74AE /* Preview Content */,
			);
			path = MoonshotApp;
			sourceTree = "<group>";
		};
		5543083728F89F1D005A74AE /* Preview Content */ = {
			isa = PBXGroup;
			children = (
				5543083828F89F1D005A74AE /* Preview Assets.xcassets */,
			);
			path = "Preview Content";
			sourceTree = "<group>";
		};
/* End PBXGroup section */

/* Begin PBXNativeTarget section */
		5543082D28F89F1B005A74AE /* MoonshotApp */ = {
			isa = PBXNativeTarget;
			buildConfigurationList = 5543083C28F89F1D005A74AE /* Build configuration list for PBXNativeTarget "MoonshotApp" */;
			buildPhases = (
				5543082A28F89F1B005A74AE /* Sources */,
				5543082B28F89F1B005A74AE /* Frameworks */,
				5543082C28F89F1B005A74AE /* Resources */,
			);
			buildRules = (
			);
			dependencies = (
			);
			name = MoonshotApp;
			productName = MoonshotApp;
			productReference = 5543082E28F89F1B005A74AE /* MoonshotApp.app */;
			productType = "com.apple.product-type.application";
		};
/* End PBXNativeTarget section */

/* Begin PBXProject section */
		5543082628F89F1B005A74AE /* Project object */ = {
			isa = PBXProject;
			attributes = {
				BuildIndependentTargetsInParallel = 1;
				LastSwiftUpdateCheck = 1400;
				LastUpgradeCheck = 1400;
				TargetAttributes = {
					5543082D28F89F1B005A74AE = {
						CreatedOnToolsVersion = 14.0.1;
					};
				};
			};
			buildConfigurationList = 5543082928F89F1B005A74AE /* Build configuration list for PBXProject "MoonshotApp" */;
			compatibilityVersion = "Xcode 14.0";
			developmentRegion = en;
			hasScannedForEncodings = 0;
			knownRegions = (
				en,
				Base,
			);
			mainGroup = 5543082528F89F1B005A74AE;
			productRefGroup = 5543082F28F89F1B005A74AE /* Products */;
			projectDirPath = "";
			projectRoot = "";
			targets = (
				5543082D28F89F1B005A74AE /* MoonshotApp */,
			);
		};
/* End PBXProject section */

/* Begin PBXResourcesBuildPhase section */
		5543082C28F89F1B005A74AE /* Resources */ = {
			isa = PBXResourcesBuildPhase;
			buildActionMask = 2147483647;
			files = (
				5543083928F89F1D005A74AE /* Preview Assets.xcassets in Resources */,
				55AD18EF28F89F9100C48A43 /* missions.json in Resources */,
				5543083628F89F1D005A74AE /* Assets.xcassets in Resources */,
				55AD18F028F89F9100C48A43 /* astronauts.json in Resources */,
			);
			runOnlyForDeploymentPostprocessing = 0;
		};
/* End PBXResourcesBuildPhase section */

/* Begin PBXSourcesBuildPhase section */
		5543082A28F89F1B005A74AE /* Sources */ = {
			isa = PBXSourcesBuildPhase;
			buildActionMask = 2147483647;
			files = (
				5543083428F89F1B005A74AE /* ContentView.swift in Sources */,
				5519C8F628F8AE310078E5A9 /* Color-Theme.swift in Sources */,
				55AD18F228F8A00C00C48A43 /* Astroanut.swift in Sources */,
				5543083228F89F1B005A74AE /* MoonshotAppApp.swift in Sources */,
				55AD18F628F8A48500C48A43 /* Mission.swift in Sources */,
				55AD18F428F8A10600C48A43 /* Bundle-Decodable.swift in Sources */,
			);
			runOnlyForDeploymentPostprocessing = 0;
		};
/* End PBXSourcesBuildPhase section */

/* Begin XCBuildConfiguration section */
		5543083A28F89F1D005A74AE /* Debug */ = {
			isa = XCBuildConfiguration;
			buildSettings = {
				ALWAYS_SEARCH_USER_PATHS = NO;
				CLANG_ANALYZER_NONNULL = YES;
				CLANG_ANALYZER_NUMBER_OBJECT_CONVERSION = YES_AGGRESSIVE;
				CLANG_CXX_LANGUAGE_STANDARD = "gnu++20";
				CLANG_ENABLE_MODULES = YES;
				CLANG_ENABLE_OBJC_ARC = YES;
				CLANG_ENABLE_OBJC_WEAK = YES;
				CLANG_WARN_BLOCK_CAPTURE_AUTORELEASING = YES;
				CLANG_WARN_BOOL_CONVERSION = YES;
				CLANG_WARN_COMMA = YES;
				CLANG_WARN_CONSTANT_CONVERSION = YES;
				CLANG_WARN_DEPRECATED_OBJC_IMPLEMENTATIONS = YES;
				CLANG_WARN_DIRECT_OBJC_ISA_USAGE = YES_ERROR;
				CLANG_WARN_DOCUMENTATION_COMMENTS = YES;
				CLANG_WARN_EMPTY_BODY = YES;
				CLANG_WARN_ENUM_CONVERSION = YES;
				CLANG_WARN_INFINITE_RECURSION = YES;
				CLANG_WARN_INT_CONVERSION = YES;
				CLANG_WARN_NON_LITERAL_NULL_CONVERSION = YES;
				CLANG_WARN_OBJC_IMPLICIT_RETAIN_SELF = YES;
				CLANG_WARN_OBJC_LITERAL_CONVERSION = YES;
				CLANG_WARN_OBJC_ROOT_CLASS = YES_ERROR;
				CLANG_WARN_QUOTED_INCLUDE_IN_FRAMEWORK_HEADER = YES;
				CLANG_WARN_RANGE_LOOP_ANALYSIS = YES;
				CLANG_WARN_STRICT_PROTOTYPES = YES;
				CLANG_WARN_SUSPICIOUS_MOVE = YES;
				CLANG_WARN_UNGUARDED_AVAILABILITY = YES_AGGRESSIVE;
				CLANG_WARN_UNREACHABLE_CODE = YES;
				CLANG_WARN__DUPLICATE_METHOD_MATCH = YES;
				COPY_PHASE_STRIP = NO;
				DEBUG_INFORMATION_FORMAT = dwarf;
				ENABLE_STRICT_OBJC_MSGSEND = YES;
				ENABLE_TESTABILITY = YES;
				GCC_C_LANGUAGE_STANDARD = gnu11;
				GCC_DYNAMIC_NO_PIC = NO;
				GCC_NO_COMMON_BLOCKS = YES;
				GCC_OPTIMIZATION_LEVEL = 0;
				GCC_PREPROCESSOR_DEFINITIONS = (
					"DEBUG=1",
					"$(inherited)",
				);
				GCC_WARN_64_TO_32_BIT_CONVERSION = YES;
				GCC_WARN_ABOUT_RETURN_TYPE = YES_ERROR;
				GCC_WARN_UNDECLARED_SELECTOR = YES;
				GCC_WARN_UNINITIALIZED_AUTOS = YES_AGGRESSIVE;
				GCC_WARN_UNUSED_FUNCTION = YES;
				GCC_WARN_UNUSED_VARIABLE = YES;
				IPHONEOS_DEPLOYMENT_TARGET = 16.0;
				MTL_ENABLE_DEBUG_INFO = INCLUDE_SOURCE;
				MTL_FAST_MATH = YES;
				ONLY_ACTIVE_ARCH = YES;
				SDKROOT = iphoneos;
				SWIFT_ACTIVE_COMPILATION_CONDITIONS = DEBUG;
				SWIFT_OPTIMIZATION_LEVEL = "-Onone";
			};
			name = Debug;
		};
		5543083B28F89F1D005A74AE /* Release */ = {
			isa = XCBuildConfiguration;
			buildSettings = {
				ALWAYS_SEARCH_USER_PATHS = NO;
				CLANG_ANALYZER_NONNULL = YES;
				CLANG_ANALYZER_NUMBER_OBJECT_CONVERSION = YES_AGGRESSIVE;
				CLANG_CXX_LANGUAGE_STANDARD = "gnu++20";
				CLANG_ENABLE_MODULES = YES;
				CLANG_ENABLE_OBJC_ARC = YES;
				CLANG_ENABLE_OBJC_WEAK = YES;
				CLANG_WARN_BLOCK_CAPTURE_AUTORELEASING = YES;
				CLANG_WARN_BOOL_CONVERSION = YES;
				CLANG_WARN_COMMA = YES;
				CLANG_WARN_CONSTANT_CONVERSION = YES;
				CLANG_WARN_DEPRECATED_OBJC_IMPLEMENTATIONS = YES;
				CLANG_WARN_DIRECT_OBJC_ISA_USAGE = YES_ERROR;
				CLANG_WARN_DOCUMENTATION_COMMENTS = YES;
				CLANG_WARN_EMPTY_BODY = YES;
				CLANG_WARN_ENUM_CONVERSION = YES;
				CLANG_WARN_INFINITE_RECURSION = YES;
				CLANG_WARN_INT_CONVERSION = YES;
				CLANG_WARN_NON_LITERAL_NULL_CONVERSION = YES;
				CLANG_WARN_OBJC_IMPLICIT_RETAIN_SELF = YES;
				CLANG_WARN_OBJC_LITERAL_CONVERSION = YES;
				CLANG_WARN_OBJC_ROOT_CLASS = YES_ERROR;
				CLANG_WARN_QUOTED_INCLUDE_IN_FRAMEWORK_HEADER = YES;
				CLANG_WARN_RANGE_LOOP_ANALYSIS = YES;
				CLANG_WARN_STRICT_PROTOTYPES = YES;
				CLANG_WARN_SUSPICIOUS_MOVE = YES;
				CLANG_WARN_UNGUARDED_AVAILABILITY = YES_AGGRESSIVE;
				CLANG_WARN_UNREACHABLE_CODE = YES;
				CLANG_WARN__DUPLICATE_METHOD_MATCH = YES;
				COPY_PHASE_STRIP = NO;
				DEBUG_INFORMATION_FORMAT = "dwarf-with-dsym";
				ENABLE_NS_ASSERTIONS = NO;
				ENABLE_STRICT_OBJC_MSGSEND = YES;
				GCC_C_LANGUAGE_STANDARD = gnu11;
				GCC_NO_COMMON_BLOCKS = YES;
				GCC_WARN_64_TO_32_BIT_CONVERSION = YES;
				GCC_WARN_ABOUT_RETURN_TYPE = YES_ERROR;
				GCC_WARN_UNDECLARED_SELECTOR = YES;
				GCC_WARN_UNINITIALIZED_AUTOS = YES_AGGRESSIVE;
				GCC_WARN_UNUSED_FUNCTION = YES;
				GCC_WARN_UNUSED_VARIABLE = YES;
				IPHONEOS_DEPLOYMENT_TARGET = 16.0;
				MTL_ENABLE_DEBUG_INFO = NO;
				MTL_FAST_MATH = YES;
				SDKROOT = iphoneos;
				SWIFT_COMPILATION_MODE = wholemodule;
				SWIFT_OPTIMIZATION_LEVEL = "-O";
				VALIDATE_PRODUCT = YES;
			};
			name = Release;
		};
		5543083D28F89F1D005A74AE /* Debug */ = {
			isa = XCBuildConfiguration;
			buildSettings = {
				ASSETCATALOG_COMPILER_APPICON_NAME = AppIcon;
				ASSETCATALOG_COMPILER_GLOBAL_ACCENT_COLOR_NAME = AccentColor;
				CODE_SIGN_STYLE = Automatic;
				CURRENT_PROJECT_VERSION = 1;
				DEVELOPMENT_ASSET_PATHS = "\"MoonshotApp/Preview Content\"";
				DEVELOPMENT_TEAM = 57TV7LQGRL;
				ENABLE_PREVIEWS = YES;
				GENERATE_INFOPLIST_FILE = YES;
				INFOPLIST_KEY_UIApplicationSceneManifest_Generation = YES;
				INFOPLIST_KEY_UIApplicationSupportsIndirectInputEvents = YES;
				INFOPLIST_KEY_UILaunchScreen_Generation = YES;
				INFOPLIST_KEY_UISupportedInterfaceOrientations_iPad = "UIInterfaceOrientationPortrait UIInterfaceOrientationPortraitUpsideDown UIInterfaceOrientationLandscapeLeft UIInterfaceOrientationLandscapeRight";
				INFOPLIST_KEY_UISupportedInterfaceOrientations_iPhone = "UIInterfaceOrientationPortrait UIInterfaceOrientationLandscapeLeft UIInterfaceOrientationLandscapeRight";
				LD_RUNPATH_SEARCH_PATHS = (
					"$(inherited)",
					"@executable_path/Frameworks",
				);
				MARKETING_VERSION = 1.0;
				PRODUCT_BUNDLE_IDENTIFIER = com.malikastamalieva.MoonshotApp;
				PRODUCT_NAME = "$(TARGET_NAME)";
				SWIFT_EMIT_LOC_STRINGS = YES;
				SWIFT_VERSION = 5.0;
				TARGETED_DEVICE_FAMILY = "1,2";
			};
			name = Debug;
		};
		5543083E28F89F1D005A74AE /* Release */ = {
			isa = XCBuildConfiguration;
			buildSettings = {
				ASSETCATALOG_COMPILER_APPICON_NAME = AppIcon;
				ASSETCATALOG_COMPILER_GLOBAL_ACCENT_COLOR_NAME = AccentColor;
				CODE_SIGN_STYLE = Automatic;
				CURRENT_PROJECT_VERSION = 1;
				DEVELOPMENT_ASSET_PATHS = "\"MoonshotApp/Preview Content\"";
				DEVELOPMENT_TEAM = 57TV7LQGRL;
				ENABLE_PREVIEWS = YES;
				GENERATE_INFOPLIST_FILE = YES;
				INFOPLIST_KEY_UIApplicationSceneManifest_Generation = YES;
				INFOPLIST_KEY_UIApplicationSupportsIndirectInputEvents = YES;
				INFOPLIST_KEY_UILaunchScreen_Generation = YES;
				INFOPLIST_KEY_UISupportedInterfaceOrientations_iPad = "UIInterfaceOrientationPortrait UIInterfaceOrientationPortraitUpsideDown UIInterfaceOrientationLandscapeLeft UIInterfaceOrientationLandscapeRight";
				INFOPLIST_KEY_UISupportedInterfaceOrientations_iPhone = "UIInterfaceOrientationPortrait UIInterfaceOrientationLandscapeLeft UIInterfaceOrientationLandscapeRight";
				LD_RUNPATH_SEARCH_PATHS = (
					"$(inherited)",
					"@executable_path/Frameworks",
				);
				MARKETING_VERSION = 1.0;
				PRODUCT_BUNDLE_IDENTIFIER = com.malikastamalieva.MoonshotApp;
				PRODUCT_NAME = "$(TARGET_NAME)";
				SWIFT_EMIT_LOC_STRINGS = YES;
				SWIFT_VERSION = 5.0;
				TARGETED_DEVICE_FAMILY = "1,2";
			};
			name = Release;
		};
/* End XCBuildConfiguration section */

/* Begin XCConfigurationList section */
		5543082928F89F1B005A74AE /* Build configuration list for PBXProject "MoonshotApp" */ = {
			isa = XCConfigurationList;
			buildConfigurations = (
				5543083A28F89F1D005A74AE /* Debug */,
				5543083B28F89F1D005A74AE /* Release */,
			);
			defaultConfigurationIsVisible = 0;
			defaultConfigurationName = Release;
		};
		5543083C28F89F1D005A74AE /* Build configuration list for PBXNativeTarget "MoonshotApp" */ = {
			isa = XCConfigurationList;
			buildConfigurations = (
				5543083D28F89F1D005A74AE /* Debug */,
				5543083E28F89F1D005A74AE /* Release */,
			);
			defaultConfigurationIsVisible = 0;
			defaultConfigurationName = Release;
		};
/* End XCConfigurationList section */
	};
	rootObject = 5543082628F89F1B005A74AE /* Project object */;
}
